
Microsoft Visual Studio Solution File, Format Version 12.00
# Visual Studio Version 17
VisualStudioVersion = 17.9.34728.123
MinimumVisualStudioVersion = 10.0.40219.1
Project("{8BC9CEB8-8B4A-11D0-8D11-00A0C91BC942}") = "plp_lab3", "plp_lab3\plp_lab3.vcxproj", "{F731FE97-C9B0-4FED-8337-BDEA18BC94C9}"
EndProject
Global
	GlobalSection(SolutionConfigurationPlatforms) = preSolution
		Debug|x64 = Debug|x64
		Debug|x86 = Debug|x86
		Release|x64 = Release|x64
		Release|x86 = Release|x86
	EndGlobalSection
	GlobalSection(ProjectConfigurationPlatforms) = postSolution
		{F731FE97-C9B0-4FED-8337-BDEA18BC94C9}.Debug|x64.ActiveCfg = Debug|x64
		{F731FE97-C9B0-4FED-8337-BDEA18BC94C9}.Debug|x64.Build.0 = Debug|x64
		{F731FE97-C9B0-4FED-8337-BDEA18BC94C9}.Debug|x86.ActiveCfg = Debug|Win32
		{F731FE97-C9B0-4FED-8337-BDEA18BC94C9}.Debug|x86.Build.0 = Debug|Win32
		{F731FE97-C9B0-4FED-8337-BDEA18BC94C9}.Release|x64.ActiveCfg = Release|x64
		{F731FE97-C9B0-4FED-8337-BDEA18BC94C9}.Release|x64.Build.0 = Release|x64
		{F731FE97-C9B0-4FED-8337-BDEA18BC94C9}.Release|x86.ActiveCfg = Release|Win32
		{F731FE97-C9B0-4FED-8337-BDEA18BC94C9}.Release|x86.Build.0 = Release|Win32
	EndGlobalSection
	GlobalSection(SolutionProperties) = preSolution
		HideSolutionNode = FALSE
	EndGlobalSection
	GlobalSection(ExtensibilityGlobals) = postSolution
		SolutionGuid = {8E271C6A-E83D-4EDA-BF3A-396E7353A0AE}
	EndGlobalSection
EndGlobal
